
Microsoft Visual Studio Solution File, Format Version 12.00
# Visual Studio 15
VisualStudioVersion = 15.0.27428.2015
MinimumVisualStudioVersion = 10.0.40219.1
Project("{9A19103F-16F7-4668-BE54-9A1E7A4F7556}") = "GiunecoTeam.Domain", "GiunecoTeam.Domain\GiunecoTeam.Domain.csproj", "{0CD66157-5A65-49D0-BD07-606CED3005FA}"
EndProject
Project("{FAE04EC0-301F-11D3-BF4B-00C04F79EFBC}") = "GiunecoTeam.Android", "GiunecoTeam.Android\GiunecoTeam.Android.csproj", "{F76F6482-FAB2-4409-B2E8-6081E3FC9B64}"
EndProject
Global
	GlobalSection(SolutionConfigurationPlatforms) = preSolution
		Debug|Any CPU = Debug|Any CPU
		Release|Any CPU = Release|Any CPU
	EndGlobalSection
	GlobalSection(ProjectConfigurationPlatforms) = postSolution
		{0CD66157-5A65-49D0-BD07-606CED3005FA}.Debug|Any CPU.ActiveCfg = Debug|Any CPU
		{0CD66157-5A65-49D0-BD07-606CED3005FA}.Debug|Any CPU.Build.0 = Debug|Any CPU
		{0CD66157-5A65-49D0-BD07-606CED3005FA}.Release|Any CPU.ActiveCfg = Release|Any CPU
		{0CD66157-5A65-49D0-BD07-606CED3005FA}.Release|Any CPU.Build.0 = Release|Any CPU
		{F76F6482-FAB2-4409-B2E8-6081E3FC9B64}.Debug|Any CPU.ActiveCfg = Debug|Any CPU
		{F76F6482-FAB2-4409-B2E8-6081E3FC9B64}.Debug|Any CPU.Build.0 = Debug|Any CPU
		{F76F6482-FAB2-4409-B2E8-6081E3FC9B64}.Debug|Any CPU.Deploy.0 = Debug|Any CPU
		{F76F6482-FAB2-4409-B2E8-6081E3FC9B64}.Release|Any CPU.ActiveCfg = Release|Any CPU
		{F76F6482-FAB2-4409-B2E8-6081E3FC9B64}.Release|Any CPU.Build.0 = Release|Any CPU
		{F76F6482-FAB2-4409-B2E8-6081E3FC9B64}.Release|Any CPU.Deploy.0 = Release|Any CPU
	EndGlobalSection
	GlobalSection(SolutionProperties) = preSolution
		HideSolutionNode = FALSE
	EndGlobalSection
	GlobalSection(ExtensibilityGlobals) = postSolution
		SolutionGuid = {5D954D35-CC38-4959-A35D-9868A48208D1}
	EndGlobalSection
EndGlobal
